
Microsoft Visual Studio Solution File, Format Version 12.00
Project("{FAE04EC0-301F-11D3-BF4B-00C04F79EFBC}") = "AnagramSolver.Cli", "AnagramSolver.Cli\AnagramSolver.Cli.csproj", "{0B7F671C-1B11-4CF3-B553-402C61BD3524}"
EndProject
Project("{FAE04EC0-301F-11D3-BF4B-00C04F79EFBC}") = "AnagramSolver.BusinessLogic", "AnagramSolver.BusinessLogic\AnagramSolver.BusinessLogic.csproj", "{C956CAA0-6562-4676-907D-93A014F08A57}"
EndProject
Project("{FAE04EC0-301F-11D3-BF4B-00C04F79EFBC}") = "AnagramSolver.Contracts", "AnagramSolver.Contracts\AnagramSolver.Contracts.csproj", "{8ACDBDD9-D195-42D1-8809-6D7ADF30B200}"
EndProject
Project("{FAE04EC0-301F-11D3-BF4B-00C04F79EFBC}") = "AnagramSolver.BusinessLogic.Tests", "AnagramSolver.BusinessLogic.Tests\AnagramSolver.BusinessLogic.Tests.csproj", "{46F6ECE5-7405-45AC-9907-1C48CBC7CD42}"
EndProject
Project("{FAE04EC0-301F-11D3-BF4B-00C04F79EFBC}") = "AnagramSolver.WebApp", "AnagramSolver.WebApp\AnagramSolver.WebApp.csproj", "{021AF587-E443-4BFA-8B37-020211B63924}"
EndProject
Project("{FAE04EC0-301F-11D3-BF4B-00C04F79EFBC}") = "AnagramSolver.DatabaseCli", "AnagramSolver.DatabaseCli\AnagramSolver.DatabaseCli.csproj", "{42701F46-F21A-4D03-988C-80B8A61B14B8}"
EndProject
Project("{FAE04EC0-301F-11D3-BF4B-00C04F79EFBC}") = "AnagramSolver.EF.DatabaseFirst", "AnagramSolver.EF.DatabaseFirst\AnagramSolver.EF.DatabaseFirst.csproj", "{5B54F31F-1487-46F7-B951-50511DA7AAC7}"
EndProject
Project("{FAE04EC0-301F-11D3-BF4B-00C04F79EFBC}") = "AnagramSolver.EF.CodeFirst", "AnagramSolver.EF.CodeFirst\AnagramSolver.EF.CodeFirst.csproj", "{A5652534-0EDC-4519-9B01-9F0B8D848C97}"
EndProject
Project("{FAE04EC0-301F-11D3-BF4B-00C04F79EFBC}") = "AnagramSolver.Database.Sql", "AnagramSolver.Database.Sql\AnagramSolver.Database.Sql.csproj", "{77EB8E93-F3AE-4543-8A66-D28988455F89}"
EndProject
Project("{FAE04EC0-301F-11D3-BF4B-00C04F79EFBC}") = "AnagramSolver.Generics", "AnagramSolver.Generics\AnagramSolver.Generics.csproj", "{3A2986D1-3E14-4418-95E4-2E4DCA2ABCA4}"
EndProject
Project("{FAE04EC0-301F-11D3-BF4B-00C04F79EFBC}") = "AnagramSolver.Generics.Tests", "AnagramSolver.Generics.Tests\AnagramSolver.Generics.Tests.csproj", "{6D21B669-B227-4DD3-B3F6-818BE2F0827E}"
EndProject
Global
	GlobalSection(SolutionConfigurationPlatforms) = preSolution
		Debug|Any CPU = Debug|Any CPU
		Release|Any CPU = Release|Any CPU
	EndGlobalSection
	GlobalSection(ProjectConfigurationPlatforms) = postSolution
		{0B7F671C-1B11-4CF3-B553-402C61BD3524}.Debug|Any CPU.ActiveCfg = Debug|Any CPU
		{0B7F671C-1B11-4CF3-B553-402C61BD3524}.Debug|Any CPU.Build.0 = Debug|Any CPU
		{0B7F671C-1B11-4CF3-B553-402C61BD3524}.Release|Any CPU.ActiveCfg = Release|Any CPU
		{0B7F671C-1B11-4CF3-B553-402C61BD3524}.Release|Any CPU.Build.0 = Release|Any CPU
		{C956CAA0-6562-4676-907D-93A014F08A57}.Debug|Any CPU.ActiveCfg = Debug|Any CPU
		{C956CAA0-6562-4676-907D-93A014F08A57}.Debug|Any CPU.Build.0 = Debug|Any CPU
		{C956CAA0-6562-4676-907D-93A014F08A57}.Release|Any CPU.ActiveCfg = Release|Any CPU
		{C956CAA0-6562-4676-907D-93A014F08A57}.Release|Any CPU.Build.0 = Release|Any CPU
		{8ACDBDD9-D195-42D1-8809-6D7ADF30B200}.Debug|Any CPU.ActiveCfg = Debug|Any CPU
		{8ACDBDD9-D195-42D1-8809-6D7ADF30B200}.Debug|Any CPU.Build.0 = Debug|Any CPU
		{8ACDBDD9-D195-42D1-8809-6D7ADF30B200}.Release|Any CPU.ActiveCfg = Release|Any CPU
		{8ACDBDD9-D195-42D1-8809-6D7ADF30B200}.Release|Any CPU.Build.0 = Release|Any CPU
		{46F6ECE5-7405-45AC-9907-1C48CBC7CD42}.Debug|Any CPU.ActiveCfg = Debug|Any CPU
		{46F6ECE5-7405-45AC-9907-1C48CBC7CD42}.Debug|Any CPU.Build.0 = Debug|Any CPU
		{46F6ECE5-7405-45AC-9907-1C48CBC7CD42}.Release|Any CPU.ActiveCfg = Release|Any CPU
		{46F6ECE5-7405-45AC-9907-1C48CBC7CD42}.Release|Any CPU.Build.0 = Release|Any CPU
		{021AF587-E443-4BFA-8B37-020211B63924}.Debug|Any CPU.ActiveCfg = Debug|Any CPU
		{021AF587-E443-4BFA-8B37-020211B63924}.Debug|Any CPU.Build.0 = Debug|Any CPU
		{021AF587-E443-4BFA-8B37-020211B63924}.Release|Any CPU.ActiveCfg = Release|Any CPU
		{021AF587-E443-4BFA-8B37-020211B63924}.Release|Any CPU.Build.0 = Release|Any CPU
		{42701F46-F21A-4D03-988C-80B8A61B14B8}.Debug|Any CPU.ActiveCfg = Debug|Any CPU
		{42701F46-F21A-4D03-988C-80B8A61B14B8}.Debug|Any CPU.Build.0 = Debug|Any CPU
		{42701F46-F21A-4D03-988C-80B8A61B14B8}.Release|Any CPU.ActiveCfg = Release|Any CPU
		{42701F46-F21A-4D03-988C-80B8A61B14B8}.Release|Any CPU.Build.0 = Release|Any CPU
		{5B54F31F-1487-46F7-B951-50511DA7AAC7}.Debug|Any CPU.ActiveCfg = Debug|Any CPU
		{5B54F31F-1487-46F7-B951-50511DA7AAC7}.Debug|Any CPU.Build.0 = Debug|Any CPU
		{5B54F31F-1487-46F7-B951-50511DA7AAC7}.Release|Any CPU.ActiveCfg = Release|Any CPU
		{5B54F31F-1487-46F7-B951-50511DA7AAC7}.Release|Any CPU.Build.0 = Release|Any CPU
		{A5652534-0EDC-4519-9B01-9F0B8D848C97}.Debug|Any CPU.ActiveCfg = Debug|Any CPU
		{A5652534-0EDC-4519-9B01-9F0B8D848C97}.Debug|Any CPU.Build.0 = Debug|Any CPU
		{A5652534-0EDC-4519-9B01-9F0B8D848C97}.Release|Any CPU.ActiveCfg = Release|Any CPU
		{A5652534-0EDC-4519-9B01-9F0B8D848C97}.Release|Any CPU.Build.0 = Release|Any CPU
		{77EB8E93-F3AE-4543-8A66-D28988455F89}.Debug|Any CPU.ActiveCfg = Debug|Any CPU
		{77EB8E93-F3AE-4543-8A66-D28988455F89}.Debug|Any CPU.Build.0 = Debug|Any CPU
		{77EB8E93-F3AE-4543-8A66-D28988455F89}.Release|Any CPU.ActiveCfg = Release|Any CPU
		{77EB8E93-F3AE-4543-8A66-D28988455F89}.Release|Any CPU.Build.0 = Release|Any CPU
		{3A2986D1-3E14-4418-95E4-2E4DCA2ABCA4}.Debug|Any CPU.ActiveCfg = Debug|Any CPU
		{3A2986D1-3E14-4418-95E4-2E4DCA2ABCA4}.Debug|Any CPU.Build.0 = Debug|Any CPU
		{3A2986D1-3E14-4418-95E4-2E4DCA2ABCA4}.Release|Any CPU.ActiveCfg = Release|Any CPU
		{3A2986D1-3E14-4418-95E4-2E4DCA2ABCA4}.Release|Any CPU.Build.0 = Release|Any CPU
		{6D21B669-B227-4DD3-B3F6-818BE2F0827E}.Debug|Any CPU.ActiveCfg = Debug|Any CPU
		{6D21B669-B227-4DD3-B3F6-818BE2F0827E}.Debug|Any CPU.Build.0 = Debug|Any CPU
		{6D21B669-B227-4DD3-B3F6-818BE2F0827E}.Release|Any CPU.ActiveCfg = Release|Any CPU
		{6D21B669-B227-4DD3-B3F6-818BE2F0827E}.Release|Any CPU.Build.0 = Release|Any CPU
	EndGlobalSection
EndGlobal
